
Microsoft Visual Studio Solution File, Format Version 12.00
# Visual Studio Version 16
VisualStudioVersion = 16.0.30523.141
MinimumVisualStudioVersion = 10.0.40219.1
Project("{FAE04EC0-301F-11D3-BF4B-00C04F79EFBC}") = "ScriptsLib", "ScriptsLib\ScriptsLib.csproj", "{9BC8D814-E401-4FDF-AEA2-B2AA39A59067}"
EndProject
Project("{FAE04EC0-301F-11D3-BF4B-00C04F79EFBC}") = "SlTesting", "SlTesting\SlTesting.csproj", "{DF6EEDFC-7F55-4091-91F7-9BC11F166B6A}"
EndProject
Global
	GlobalSection(SolutionConfigurationPlatforms) = preSolution
		Debug|Any CPU = Debug|Any CPU
		Release|Any CPU = Release|Any CPU
	EndGlobalSection
	GlobalSection(ProjectConfigurationPlatforms) = postSolution
		{9BC8D814-E401-4FDF-AEA2-B2AA39A59067}.Debug|Any CPU.ActiveCfg = Debug|Any CPU
		{9BC8D814-E401-4FDF-AEA2-B2AA39A59067}.Debug|Any CPU.Build.0 = Debug|Any CPU
		{9BC8D814-E401-4FDF-AEA2-B2AA39A59067}.Release|Any CPU.ActiveCfg = Release|Any CPU
		{9BC8D814-E401-4FDF-AEA2-B2AA39A59067}.Release|Any CPU.Build.0 = Release|Any CPU
		{DF6EEDFC-7F55-4091-91F7-9BC11F166B6A}.Debug|Any CPU.ActiveCfg = Debug|Any CPU
		{DF6EEDFC-7F55-4091-91F7-9BC11F166B6A}.Debug|Any CPU.Build.0 = Debug|Any CPU
		{DF6EEDFC-7F55-4091-91F7-9BC11F166B6A}.Release|Any CPU.ActiveCfg = Release|Any CPU
		{DF6EEDFC-7F55-4091-91F7-9BC11F166B6A}.Release|Any CPU.Build.0 = Release|Any CPU
	EndGlobalSection
	GlobalSection(SolutionProperties) = preSolution
		HideSolutionNode = FALSE
	EndGlobalSection
	GlobalSection(ExtensibilityGlobals) = postSolution
		SolutionGuid = {D641953D-AB05-48B9-A1E5-1C381B2AC050}
	EndGlobalSection
EndGlobal
